<?xml version="1.0" encoding="utf-8"?>
<Project ToolsVersion="4.0" xmlns="http://schemas.microsoft.com/developer/msbuild/2003">
  <ItemGroup>
    <Filter Include="Source Files">
      <UniqueIdentifier>{4FC737F1-C7A5-4376-A066-2A32D752A2FF}</UniqueIdentifier>
      <Extensions>cpp;c;cc;cxx;def;odl;idl;hpj;bat;asm;asmx</Extensions>
    </Filter>
    <Filter Include="Header Files">
      <UniqueIdentifier>{93995380-89BD-4b04-88EB-625FBE52EBFB}</UniqueIdentifier>
      <Extensions>h;hh;hpp;hxx;hm;inl;inc;xsd</Extensions>
    </Filter>
    <Filter Include="Resource Files">
      <UniqueIdentifier>{67DA6AB6-F800-4c08-8B7A-83BB121AAD01}</UniqueIdentifier>
      <Extensions>rc;ico;cur;bmp;dlg;rc2;rct;bin;rgs;gif;jpg;jpeg;jpe;resx;tiff;tif;png;wav;mfcribbon-ms</Extensions>
    </Filter>
    <Filter Include="SignalProcessing">
      <UniqueIdentifier>{2e2493e7-8638-4401-be6d-3c358edcad1e}</UniqueIdentifier>
    </Filter>
    <Filter Include="AlgorithmTest">
      <UniqueIdentifier>{0942c4cd-98eb-4c81-a65e-83c3adb149ed}</UniqueIdentifier>
    </Filter>
    <Filter Include="Operations">
      <UniqueIdentifier>{f4d02607-efb1-4418-938d-9b5945390780}</UniqueIdentifier>
    </Filter>
  </ItemGroup>
  <ItemGroup>
    <ClCompile Include="Main.cpp">
      <Filter>Source Files</Filter>
    </ClCompile>
    <ClCompile Include="SerialPort\SerialControl.cpp">
      <Filter>Source Files</Filter>
    </ClCompile>
    <ClCompile Include="Mainform.cpp">
      <Filter>Source Files</Filter>
    </ClCompile>
    <ClCompile Include="Plotter.cpp">
      <Filter>Source Files</Filter>
    </ClCompile>
    <ClCompile Include="PatternLoader.cpp">
      <Filter>Source Files</Filter>
    </ClCompile>
    <ClCompile Include="Plotter3d.cpp">
      <Filter>Source Files</Filter>
    </ClCompile>
    <ClCompile Include="MadgwickAHRS.cpp">
      <Filter>Source Files</Filter>
    </ClCompile>
    <ClCompile Include="C:\Users\yunus\Desktop\OyunKontrolcusu\IMU-algorithm-master\Quaternions\quaternion.c">
      <Filter>Source Files</Filter>
    </ClCompile>
    <ClCompile Include="C:\Users\yunus\Desktop\OyunKontrolcusu\IMU-algorithm-master\Quaternions\sensor_processing_lib.c">
      <Filter>Source Files</Filter>
    </ClCompile>
    <ClCompile Include="C:\Users\yunus\Desktop\OyunKontrolcusu\IMU-algorithm-master\Quaternions\vector_3d.c">
      <Filter>Source Files</Filter>
    </ClCompile>
    <ClCompile Include="TestMain.cpp">
      <Filter>AlgorithmTest</Filter>
    </ClCompile>
    <ClCompile Include="ActionSettings.cpp">
      <Filter>Header Files</Filter>
    </ClCompile>
  </ItemGroup>
  <ItemGroup>
    <ClInclude Include="ViewTypes.h">
      <Filter>Header Files</Filter>
    </ClInclude>
    <ClInclude Include="BNO055\BNO055.h">
      <Filter>Header Files</Filter>
    </ClInclude>
    <ClInclude Include="BNO055\BNO055Registers.h">
      <Filter>Header Files</Filter>
    </ClInclude>
    <ClInclude Include="SerialPort\SerialControl.h">
      <Filter>Header Files</Filter>
    </ClInclude>
    <ClInclude Include="Mainform.h">
      <Filter>Header Files</Filter>
    </ClInclude>
    <ClInclude Include="Plotter.h">
      <Filter>Header Files</Filter>
    </ClInclude>
    <ClInclude Include="ActionControlTrainerTypes.h">
      <Filter>Header Files</Filter>
    </ClInclude>
    <ClInclude Include="SensorOps.h">
      <Filter>Header Files</Filter>
    </ClInclude>
    <ClInclude Include="SensorValueOps.h">
      <Filter>Header Files</Filter>
    </ClInclude>
    <ClInclude Include="RelativeMovement.h">
      <Filter>Header Files</Filter>
    </ClInclude>
    <ClInclude Include="ActionBuffer.h">
      <Filter>Header Files</Filter>
    </ClInclude>
    <ClInclude Include="PatternLoader.h">
      <Filter>Header Files</Filter>
    </ClInclude>
    <ClInclude Include="MainformOps.h">
      <Filter>Header Files</Filter>
    </ClInclude>
    <ClInclude Include="ActionDefinition.h">
      <Filter>Header Files</Filter>
    </ClInclude>
    <ClInclude Include="PatternMatcher.h">
      <Filter>Header Files</Filter>
    </ClInclude>
    <ClInclude Include="COpChain.h">
      <Filter>SignalProcessing</Filter>
    </ClInclude>
    <ClInclude Include="ISignalOp.h">
      <Filter>SignalProcessing</Filter>
    </ClInclude>
    <ClInclude Include="DiffOp.h">
      <Filter>SignalProcessing</Filter>
    </ClInclude>
    <ClInclude Include="AvgOp.h">
      <Filter>SignalProcessing</Filter>
    </ClInclude>
    <ClInclude Include="PreprocessOps.h">
      <Filter>SignalProcessing</Filter>
    </ClInclude>
    <ClInclude Include="KalmanEstimator.h">
      <Filter>SignalProcessing</Filter>
    </ClInclude>
    <ClInclude Include="Plotter3d.h">
      <Filter>Header Files</Filter>
    </ClInclude>
    <ClInclude Include="OpenTK3D.h">
      <Filter>Header Files</Filter>
    </ClInclude>
    <ClInclude Include="DataComponent.h">
      <Filter>Header Files</Filter>
    </ClInclude>
    <ClInclude Include="MadgwickAHRS.h">
      <Filter>Header Files</Filter>
    </ClInclude>
    <ClInclude Include="C:\Users\yunus\Desktop\OyunKontrolcusu\IMU-algorithm-master\Quaternions\quaternion.h">
      <Filter>Header Files</Filter>
    </ClInclude>
    <ClInclude Include="C:\Users\yunus\Desktop\OyunKontrolcusu\IMU-algorithm-master\Quaternions\sensor_processing_lib.h">
      <Filter>Header Files</Filter>
    </ClInclude>
    <ClInclude Include="C:\Users\yunus\Desktop\OyunKontrolcusu\IMU-algorithm-master\Quaternions\vector_3d.h">
      <Filter>Header Files</Filter>
    </ClInclude>
    <ClInclude Include="Math3D.h">
      <Filter>Header Files</Filter>
    </ClInclude>
    <ClInclude Include="UISettingsSaver.h">
      <Filter>Header Files</Filter>
    </ClInclude>
    <ClInclude Include="ActionArrayBuffer.h">
      <Filter>Header Files</Filter>
    </ClInclude>
    <ClInclude Include="MSE3D.h">
      <Filter>SignalProcessing</Filter>
    </ClInclude>
    <ClInclude Include="TestMain.h">
      <Filter>AlgorithmTest</Filter>
    </ClInclude>
    <ClInclude Include="ActionSettings.h">
      <Filter>Header Files</Filter>
    </ClInclude>
    <ClInclude Include="SensorDataTypes.h">
      <Filter>Header Files</Filter>
    </ClInclude>
    <ClInclude Include="MeanAndCenterOffMass.h">
      <Filter>Operations</Filter>
    </ClInclude>
    <ClInclude Include="DTWDistanceCustom.h">
      <Filter>SignalProcessing</Filter>
    </ClInclude>
    <ClInclude Include="DTWDistance.h">
      <Filter>SignalProcessing</Filter>
    </ClInclude>
    <ClInclude Include="Normalizer.h">
      <Filter>SignalProcessing</Filter>
    </ClInclude>
    <ClInclude Include="StandartDeviation.h">
      <Filter>Operations</Filter>
    </ClInclude>
    <ClInclude Include="ZNormalize.h">
      <Filter>Operations</Filter>
    </ClInclude>
    <ClInclude Include="SymbolicDiff.h">
      <Filter>SignalProcessing</Filter>
    </ClInclude>
    <ClInclude Include="SymbolicDiffDTW.h">
      <Filter>SignalProcessing</Filter>
    </ClInclude>
    <ClInclude Include="DTW.h">
      <Filter>SignalProcessing</Filter>
    </ClInclude>
    <ClInclude Include="SymbolicDiffVectoredDTW.h">
      <Filter>SignalProcessing</Filter>
    </ClInclude>
    <ClInclude Include="SaxDiffDTW.h">
      <Filter>SignalProcessing</Filter>
    </ClInclude>
    <ClInclude Include="RMS.h">
      <Filter>Operations</Filter>
    </ClInclude>
    <ClInclude Include="DTWSax.h">
      <Filter>SignalProcessing</Filter>
    </ClInclude>
  </ItemGroup>
  <ItemGroup>
    <EmbeddedResource Include="Mainform.resx">
      <Filter>Resource Files</Filter>
    </EmbeddedResource>
    <EmbeddedResource Include="Plotter.resx">
      <Filter>Resource Files</Filter>
    </EmbeddedResource>
    <EmbeddedResource Include="PatternLoader.resx">
      <Filter>Resource Files</Filter>
    </EmbeddedResource>
    <EmbeddedResource Include="Plotter3d.resx">
      <Filter>Resource Files</Filter>
    </EmbeddedResource>
    <EmbeddedResource Include="TestMain.resx">
      <Filter>Resource Files</Filter>
    </EmbeddedResource>
    <EmbeddedResource Include="ActionSettings.resx">
      <Filter>Resource Files</Filter>
    </EmbeddedResource>
  </ItemGroup>
  <ItemGroup>
    <None Include="packages.config" />
  </ItemGroup>
</Project>